// !$*UTF8*$!
{
	archiveVersion = 1;
	classes = {
	};
	objectVersion = 46;
	objects = {

/* Begin PBXBuildFile section */
		D1B69B711E8158E400A92554 /* Shei.jpg in Resources */ = {isa = PBXBuildFile; fileRef = D1B69B701E8158E400A92554 /* Shei.jpg */; };
		D1D817BD1E52341300B60F7E /* AppDelegate.swift in Sources */ = {isa = PBXBuildFile; fileRef = D1D817BC1E52341300B60F7E /* AppDelegate.swift */; };
		D1D817BF1E52341300B60F7E /* ViewController.swift in Sources */ = {isa = PBXBuildFile; fileRef = D1D817BE1E52341300B60F7E /* ViewController.swift */; };
		D1D817C21E52341300B60F7E /* Main.storyboard in Resources */ = {isa = PBXBuildFile; fileRef = D1D817C01E52341300B60F7E /* Main.storyboard */; };
		D1D817C41E52341300B60F7E /* Assets.xcassets in Resources */ = {isa = PBXBuildFile; fileRef = D1D817C31E52341300B60F7E /* Assets.xcassets */; };
		D1D817C71E52341300B60F7E /* LaunchScreen.storyboard in Resources */ = {isa = PBXBuildFile; fileRef = D1D817C51E52341300B60F7E /* LaunchScreen.storyboard */; };
		D1D817D21E52341300B60F7E /* MySitterTests.swift in Sources */ = {isa = PBXBuildFile; fileRef = D1D817D11E52341300B60F7E /* MySitterTests.swift */; };
		D1D817DD1E52341300B60F7E /* MySitterUITests.swift in Sources */ = {isa = PBXBuildFile; fileRef = D1D817DC1E52341300B60F7E /* MySitterUITests.swift */; };
		D1D817EB1E52376D00B60F7E /* ParentDefaultViewController.swift in Sources */ = {isa = PBXBuildFile; fileRef = D1D817EA1E52376D00B60F7E /* ParentDefaultViewController.swift */; };
/* End PBXBuildFile section */

/* Begin PBXContainerItemProxy section */
		D1D817CE1E52341300B60F7E /* PBXContainerItemProxy */ = {
			isa = PBXContainerItemProxy;
			containerPortal = D1D817B11E52341300B60F7E /* Project object */;
			proxyType = 1;
			remoteGlobalIDString = D1D817B81E52341300B60F7E;
			remoteInfo = MySitter;
		};
		D1D817D91E52341300B60F7E /* PBXContainerItemProxy */ = {
			isa = PBXContainerItemProxy;
			containerPortal = D1D817B11E52341300B60F7E /* Project object */;
			proxyType = 1;
			remoteGlobalIDString = D1D817B81E52341300B60F7E;
			remoteInfo = MySitter;
		};
/* End PBXContainerItemProxy section */

/* Begin PBXFileReference section */
		D1B69B701E8158E400A92554 /* Shei.jpg */ = {isa = PBXFileReference; lastKnownFileType = image.jpeg; path = Shei.jpg; sourceTree = "<group>"; };
		D1D817B91E52341300B60F7E /* MySitter.app */ = {isa = PBXFileReference; explicitFileType = wrapper.application; includeInIndex = 0; path = MySitter.app; sourceTree = BUILT_PRODUCTS_DIR; };
		D1D817BC1E52341300B60F7E /* AppDelegate.swift */ = {isa = PBXFileReference; lastKnownFileType = sourcecode.swift; path = AppDelegate.swift; sourceTree = "<group>"; };
		D1D817BE1E52341300B60F7E /* ViewController.swift */ = {isa = PBXFileReference; lastKnownFileType = sourcecode.swift; path = ViewController.swift; sourceTree = "<group>"; };
		D1D817C11E52341300B60F7E /* Base */ = {isa = PBXFileReference; lastKnownFileType = file.storyboard; name = Base; path = Base.lproj/Main.storyboard; sourceTree = "<group>"; };
		D1D817C31E52341300B60F7E /* Assets.xcassets */ = {isa = PBXFileReference; lastKnownFileType = folder.assetcatalog; path = Assets.xcassets; sourceTree = "<group>"; };
		D1D817C61E52341300B60F7E /* Base */ = {isa = PBXFileReference; lastKnownFileType = file.storyboard; name = Base; path = Base.lproj/LaunchScreen.storyboard; sourceTree = "<group>"; };
		D1D817C81E52341300B60F7E /* Info.plist */ = {isa = PBXFileReference; lastKnownFileType = text.plist.xml; path = Info.plist; sourceTree = "<group>"; };
		D1D817CD1E52341300B60F7E /* MySitterTests.xctest */ = {isa = PBXFileReference; explicitFileType = wrapper.cfbundle; includeInIndex = 0; path = MySitterTests.xctest; sourceTree = BUILT_PRODUCTS_DIR; };
		D1D817D11E52341300B60F7E /* MySitterTests.swift */ = {isa = PBXFileReference; lastKnownFileType = sourcecode.swift; path = MySitterTests.swift; sourceTree = "<group>"; };
		D1D817D31E52341300B60F7E /* Info.plist */ = {isa = PBXFileReference; lastKnownFileType = text.plist.xml; path = Info.plist; sourceTree = "<group>"; };
		D1D817D81E52341300B60F7E /* MySitterUITests.xctest */ = {isa = PBXFileReference; explicitFileType = wrapper.cfbundle; includeInIndex = 0; path = MySitterUITests.xctest; sourceTree = BUILT_PRODUCTS_DIR; };
		D1D817DC1E52341300B60F7E /* MySitterUITests.swift */ = {isa = PBXFileReference; lastKnownFileType = sourcecode.swift; path = MySitterUITests.swift; sourceTree = "<group>"; };
		D1D817DE1E52341300B60F7E /* Info.plist */ = {isa = PBXFileReference; lastKnownFileType = text.plist.xml; path = Info.plist; sourceTree = "<group>"; };
		D1D817EA1E52376D00B60F7E /* ParentDefaultViewController.swift */ = {isa = PBXFileReference; fileEncoding = 4; lastKnownFileType = sourcecode.swift; path = ParentDefaultViewController.swift; sourceTree = "<group>"; };
/* End PBXFileReference section */

/* Begin PBXFrameworksBuildPhase section */
		D1D817B61E52341300B60F7E /* Frameworks */ = {
			isa = PBXFrameworksBuildPhase;
			buildActionMask = 2147483647;
			files = (
			);
			runOnlyForDeploymentPostprocessing = 0;
		};
		D1D817CA1E52341300B60F7E /* Frameworks */ = {
			isa = PBXFrameworksBuildPhase;
			buildActionMask = 2147483647;
			files = (
			);
			runOnlyForDeploymentPostprocessing = 0;
		};
		D1D817D51E52341300B60F7E /* Frameworks */ = {
			isa = PBXFrameworksBuildPhase;
			buildActionMask = 2147483647;
			files = (
			);
			runOnlyForDeploymentPostprocessing = 0;
		};
/* End PBXFrameworksBuildPhase section */

/* Begin PBXGroup section */
		D1D817B01E52341300B60F7E = {
			isa = PBXGroup;
			children = (
				D1D817BB1E52341300B60F7E /* MySitter */,
				D1D817D01E52341300B60F7E /* MySitterTests */,
				D1D817DB1E52341300B60F7E /* MySitterUITests */,
				D1D817BA1E52341300B60F7E /* Products */,
			);
			sourceTree = "<group>";
		};
		D1D817BA1E52341300B60F7E /* Products */ = {
			isa = PBXGroup;
			children = (
				D1D817B91E52341300B60F7E /* MySitter.app */,
				D1D817CD1E52341300B60F7E /* MySitterTests.xctest */,
				D1D817D81E52341300B60F7E /* MySitterUITests.xctest */,
			);
			name = Products;
			sourceTree = "<group>";
		};
		D1D817BB1E52341300B60F7E /* MySitter */ = {
			isa = PBXGroup;
			children = (
				D1B69B701E8158E400A92554 /* Shei.jpg */,
				D1D817BC1E52341300B60F7E /* AppDelegate.swift */,
				D1D817BE1E52341300B60F7E /* ViewController.swift */,
				D1D817C01E52341300B60F7E /* Main.storyboard */,
				D1D817EA1E52376D00B60F7E /* ParentDefaultViewController.swift */,
				D1D817C31E52341300B60F7E /* Assets.xcassets */,
				D1D817C51E52341300B60F7E /* LaunchScreen.storyboard */,
				D1D817C81E52341300B60F7E /* Info.plist */,
			);
			path = MySitter;
			sourceTree = "<group>";
		};
		D1D817D01E52341300B60F7E /* MySitterTests */ = {
			isa = PBXGroup;
			children = (
				D1D817D11E52341300B60F7E /* MySitterTests.swift */,
				D1D817D31E52341300B60F7E /* Info.plist */,
			);
			path = MySitterTests;
			sourceTree = "<group>";
		};
		D1D817DB1E52341300B60F7E /* MySitterUITests */ = {
			isa = PBXGroup;
			children = (
				D1D817DC1E52341300B60F7E /* MySitterUITests.swift */,
				D1D817DE1E52341300B60F7E /* Info.plist */,
			);
			path = MySitterUITests;
			sourceTree = "<group>";
		};
/* End PBXGroup section */

/* Begin PBXNativeTarget section */
		D1D817B81E52341300B60F7E /* MySitter */ = {
			isa = PBXNativeTarget;
			buildConfigurationList = D1D817E11E52341300B60F7E /* Build configuration list for PBXNativeTarget "MySitter" */;
			buildPhases = (
				D1D817B51E52341300B60F7E /* Sources */,
				D1D817B61E52341300B60F7E /* Frameworks */,
				D1D817B71E52341300B60F7E /* Resources */,
			);
			buildRules = (
			);
			dependencies = (
			);
			name = MySitter;
			productName = MySitter;
			productReference = D1D817B91E52341300B60F7E /* MySitter.app */;
			productType = "com.apple.product-type.application";
		};
		D1D817CC1E52341300B60F7E /* MySitterTests */ = {
			isa = PBXNativeTarget;
			buildConfigurationList = D1D817E41E52341300B60F7E /* Build configuration list for PBXNativeTarget "MySitterTests" */;
			buildPhases = (
				D1D817C91E52341300B60F7E /* Sources */,
				D1D817CA1E52341300B60F7E /* Frameworks */,
				D1D817CB1E52341300B60F7E /* Resources */,
			);
			buildRules = (
			);
			dependencies = (
				D1D817CF1E52341300B60F7E /* PBXTargetDependency */,
			);
			name = MySitterTests;
			productName = MySitterTests;
			productReference = D1D817CD1E52341300B60F7E /* MySitterTests.xctest */;
			productType = "com.apple.product-type.bundle.unit-test";
		};
		D1D817D71E52341300B60F7E /* MySitterUITests */ = {
			isa = PBXNativeTarget;
			buildConfigurationList = D1D817E71E52341300B60F7E /* Build configuration list for PBXNativeTarget "MySitterUITests" */;
			buildPhases = (
				D1D817D41E52341300B60F7E /* Sources */,
				D1D817D51E52341300B60F7E /* Frameworks */,
				D1D817D61E52341300B60F7E /* Resources */,
			);
			buildRules = (
			);
			dependencies = (
				D1D817DA1E52341300B60F7E /* PBXTargetDependency */,
			);
			name = MySitterUITests;
			productName = MySitterUITests;
			productReference = D1D817D81E52341300B60F7E /* MySitterUITests.xctest */;
			productType = "com.apple.product-type.bundle.ui-testing";
		};
/* End PBXNativeTarget section */

/* Begin PBXProject section */
		D1D817B11E52341300B60F7E /* Project object */ = {
			isa = PBXProject;
			attributes = {
				LastSwiftUpdateCheck = 0820;
				LastUpgradeCheck = 0820;
				ORGANIZATIONNAME = test;
				TargetAttributes = {
					D1D817B81E52341300B60F7E = {
						CreatedOnToolsVersion = 8.2.1;
						ProvisioningStyle = Automatic;
					};
					D1D817CC1E52341300B60F7E = {
						CreatedOnToolsVersion = 8.2.1;
						ProvisioningStyle = Automatic;
						TestTargetID = D1D817B81E52341300B60F7E;
					};
					D1D817D71E52341300B60F7E = {
						CreatedOnToolsVersion = 8.2.1;
						ProvisioningStyle = Automatic;
						TestTargetID = D1D817B81E52341300B60F7E;
					};
				};
			};
			buildConfigurationList = D1D817B41E52341300B60F7E /* Build configuration list for PBXProject "MySitter" */;
			compatibilityVersion = "Xcode 3.2";
			developmentRegion = English;
			hasScannedForEncodings = 0;
			knownRegions = (
				en,
				Base,
			);
			mainGroup = D1D817B01E52341300B60F7E;
			productRefGroup = D1D817BA1E52341300B60F7E /* Products */;
			projectDirPath = "";
			projectRoot = "";
			targets = (
				D1D817B81E52341300B60F7E /* MySitter */,
				D1D817CC1E52341300B60F7E /* MySitterTests */,
				D1D817D71E52341300B60F7E /* MySitterUITests */,
			);
		};
/* End PBXProject section */

/* Begin PBXResourcesBuildPhase section */
		D1D817B71E52341300B60F7E /* Resources */ = {
			isa = PBXResourcesBuildPhase;
			buildActionMask = 2147483647;
			files = (
				D1B69B711E8158E400A92554 /* Shei.jpg in Resources */,
				D1D817C71E52341300B60F7E /* LaunchScreen.storyboard in Resources */,
				D1D817C41E52341300B60F7E /* Assets.xcassets in Resources */,
				D1D817C21E52341300B60F7E /* Main.storyboard in Resources */,
			);
			runOnlyForDeploymentPostprocessing = 0;
		};
		D1D817CB1E52341300B60F7E /* Resources */ = {
			isa = PBXResourcesBuildPhase;
			buildActionMask = 2147483647;
			files = (
			);
			runOnlyForDeploymentPostprocessing = 0;
		};
		D1D817D61E52341300B60F7E /* Resources */ = {
			isa = PBXResourcesBuildPhase;
			buildActionMask = 2147483647;
			files = (
			);
			runOnlyForDeploymentPostprocessing = 0;
		};
/* End PBXResourcesBuildPhase section */

/* Begin PBXSourcesBuildPhase section */
		D1D817B51E52341300B60F7E /* Sources */ = {
			isa = PBXSourcesBuildPhase;
			buildActionMask = 2147483647;
			files = (
				D1D817EB1E52376D00B60F7E /* ParentDefaultViewController.swift in Sources */,
				D1D817BF1E52341300B60F7E /* ViewController.swift in Sources */,
				D1D817BD1E52341300B60F7E /* AppDelegate.swift in Sources */,
			);
			runOnlyForDeploymentPostprocessing = 0;
		};
		D1D817C91E52341300B60F7E /* Sources */ = {
			isa = PBXSourcesBuildPhase;
			buildActionMask = 2147483647;
			files = (
				D1D817D21E52341300B60F7E /* MySitterTests.swift in Sources */,
			);
			runOnlyForDeploymentPostprocessing = 0;
		};
		D1D817D41E52341300B60F7E /* Sources */ = {
			isa = PBXSourcesBuildPhase;
			buildActionMask = 2147483647;
			files = (
				D1D817DD1E52341300B60F7E /* MySitterUITests.swift in Sources */,
			);
			runOnlyForDeploymentPostprocessing = 0;
		};
/* End PBXSourcesBuildPhase section */

/* Begin PBXTargetDependency section */
		D1D817CF1E52341300B60F7E /* PBXTargetDependency */ = {
			isa = PBXTargetDependency;
			target = D1D817B81E52341300B60F7E /* MySitter */;
			targetProxy = D1D817CE1E52341300B60F7E /* PBXContainerItemProxy */;
		};
		D1D817DA1E52341300B60F7E /* PBXTargetDependency */ = {
			isa = PBXTargetDependency;
			target = D1D817B81E52341300B60F7E /* MySitter */;
			targetProxy = D1D817D91E52341300B60F7E /* PBXContainerItemProxy */;
		};
/* End PBXTargetDependency section */

/* Begin PBXVariantGroup section */
		D1D817C01E52341300B60F7E /* Main.storyboard */ = {
			isa = PBXVariantGroup;
			children = (
				D1D817C11E52341300B60F7E /* Base */,
			);
			name = Main.storyboard;
			sourceTree = "<group>";
		};
		D1D817C51E52341300B60F7E /* LaunchScreen.storyboard */ = {
			isa = PBXVariantGroup;
			children = (
				D1D817C61E52341300B60F7E /* Base */,
			);
			name = LaunchScreen.storyboard;
			sourceTree = "<group>";
		};
/* End PBXVariantGroup section */

/* Begin XCBuildConfiguration section */
		D1D817DF1E52341300B60F7E /* Debug */ = {
			isa = XCBuildConfiguration;
			buildSettings = {
				ALWAYS_SEARCH_USER_PATHS = NO;
				CLANG_ANALYZER_NONNULL = YES;
				CLANG_CXX_LANGUAGE_STANDARD = "gnu++0x";
				CLANG_CXX_LIBRARY = "libc++";
				CLANG_ENABLE_MODULES = YES;
				CLANG_ENABLE_OBJC_ARC = YES;
				CLANG_WARN_BOOL_CONVERSION = YES;
				CLANG_WARN_CONSTANT_CONVERSION = YES;
				CLANG_WARN_DIRECT_OBJC_ISA_USAGE = YES_ERROR;
				CLANG_WARN_DOCUMENTATION_COMMENTS = YES;
				CLANG_WARN_EMPTY_BODY = YES;
				CLANG_WARN_ENUM_CONVERSION = YES;
				CLANG_WARN_INFINITE_RECURSION = YES;
				CLANG_WARN_INT_CONVERSION = YES;
				CLANG_WARN_OBJC_ROOT_CLASS = YES_ERROR;
				CLANG_WARN_SUSPICIOUS_MOVE = YES;
				CLANG_WARN_UNREACHABLE_CODE = YES;
				CLANG_WARN__DUPLICATE_METHOD_MATCH = YES;
				"CODE_SIGN_IDENTITY[sdk=iphoneos*]" = "iPhone Developer";
				COPY_PHASE_STRIP = NO;
				DEBUG_INFORMATION_FORMAT = dwarf;
				ENABLE_STRICT_OBJC_MSGSEND = YES;
				ENABLE_TESTABILITY = YES;
				GCC_C_LANGUAGE_STANDARD = gnu99;
				GCC_DYNAMIC_NO_PIC = NO;
				GCC_NO_COMMON_BLOCKS = YES;
				GCC_OPTIMIZATION_LEVEL = 0;
				GCC_PREPROCESSOR_DEFINITIONS = (
					"DEBUG=1",
					"$(inherited)",
				);
				GCC_WARN_64_TO_32_BIT_CONVERSION = YES;
				GCC_WARN_ABOUT_RETURN_TYPE = YES_ERROR;
				GCC_WARN_UNDECLARED_SELECTOR = YES;
				GCC_WARN_UNINITIALIZED_AUTOS = YES_AGGRESSIVE;
				GCC_WARN_UNUSED_FUNCTION = YES;
				GCC_WARN_UNUSED_VARIABLE = YES;
				IPHONEOS_DEPLOYMENT_TARGET = 10.2;
				MTL_ENABLE_DEBUG_INFO = YES;
				ONLY_ACTIVE_ARCH = YES;
				SDKROOT = iphoneos;
				SWIFT_ACTIVE_COMPILATION_CONDITIONS = DEBUG;
				SWIFT_OPTIMIZATION_LEVEL = "-Onone";
				TARGETED_DEVICE_FAMILY = "1,2";
			};
			name = Debug;
		};
		D1D817E01E52341300B60F7E /* Release */ = {
			isa = XCBuildConfiguration;
			buildSettings = {
				ALWAYS_SEARCH_USER_PATHS = NO;
				CLANG_ANALYZER_NONNULL = YES;
				CLANG_CXX_LANGUAGE_STANDARD = "gnu++0x";
				CLANG_CXX_LIBRARY = "libc++";
				CLANG_ENABLE_MODULES = YES;
				CLANG_ENABLE_OBJC_ARC = YES;
				CLANG_WARN_BOOL_CONVERSION = YES;
				CLANG_WARN_CONSTANT_CONVERSION = YES;
				CLANG_WARN_DIRECT_OBJC_ISA_USAGE = YES_ERROR;
				CLANG_WARN_DOCUMENTATION_COMMENTS = YES;
				CLANG_WARN_EMPTY_BODY = YES;
				CLANG_WARN_ENUM_CONVERSION = YES;
				CLANG_WARN_INFINITE_RECURSION = YES;
				CLANG_WARN_INT_CONVERSION = YES;
				CLANG_WARN_OBJC_ROOT_CLASS = YES_ERROR;
				CLANG_WARN_SUSPICIOUS_MOVE = YES;
				CLANG_WARN_UNREACHABLE_CODE = YES;
				CLANG_WARN__DUPLICATE_METHOD_MATCH = YES;
				"CODE_SIGN_IDENTITY[sdk=iphoneos*]" = "iPhone Developer";
				COPY_PHASE_STRIP = NO;
				DEBUG_INFORMATION_FORMAT = "dwarf-with-dsym";
				ENABLE_NS_ASSERTIONS = NO;
				ENABLE_STRICT_OBJC_MSGSEND = YES;
				GCC_C_LANGUAGE_STANDARD = gnu99;
				GCC_NO_COMMON_BLOCKS = YES;
				GCC_WARN_64_TO_32_BIT_CONVERSION = YES;
				GCC_WARN_ABOUT_RETURN_TYPE = YES_ERROR;
				GCC_WARN_UNDECLARED_SELECTOR = YES;
				GCC_WARN_UNINITIALIZED_AUTOS = YES_AGGRESSIVE;
				GCC_WARN_UNUSED_FUNCTION = YES;
				GCC_WARN_UNUSED_VARIABLE = YES;
				IPHONEOS_DEPLOYMENT_TARGET = 10.2;
				MTL_ENABLE_DEBUG_INFO = NO;
				SDKROOT = iphoneos;
				SWIFT_OPTIMIZATION_LEVEL = "-Owholemodule";
				TARGETED_DEVICE_FAMILY = "1,2";
				VALIDATE_PRODUCT = YES;
			};
			name = Release;
		};
		D1D817E21E52341300B60F7E /* Debug */ = {
			isa = XCBuildConfiguration;
			buildSettings = {
				ASSETCATALOG_COMPILER_APPICON_NAME = AppIcon;
				INFOPLIST_FILE = MySitter/Info.plist;
				LD_RUNPATH_SEARCH_PATHS = "$(inherited) @executable_path/Frameworks";
				PRODUCT_BUNDLE_IDENTIFIER = test.MySitter;
				PRODUCT_NAME = "$(TARGET_NAME)";
				SWIFT_VERSION = 3.0;
			};
			name = Debug;
		};
		D1D817E31E52341300B60F7E /* Release */ = {
			isa = XCBuildConfiguration;
			buildSettings = {
				ASSETCATALOG_COMPILER_APPICON_NAME = AppIcon;
				INFOPLIST_FILE = MySitter/Info.plist;
				LD_RUNPATH_SEARCH_PATHS = "$(inherited) @executable_path/Frameworks";
				PRODUCT_BUNDLE_IDENTIFIER = test.MySitter;
				PRODUCT_NAME = "$(TARGET_NAME)";
				SWIFT_VERSION = 3.0;
			};
			name = Release;
		};
		D1D817E51E52341300B60F7E /* Debug */ = {
			isa = XCBuildConfiguration;
			buildSettings = {
				ALWAYS_EMBED_SWIFT_STANDARD_LIBRARIES = YES;
				BUNDLE_LOADER = "$(TEST_HOST)";
				INFOPLIST_FILE = MySitterTests/Info.plist;
				LD_RUNPATH_SEARCH_PATHS = "$(inherited) @executable_path/Frameworks @loader_path/Frameworks";
				PRODUCT_BUNDLE_IDENTIFIER = test.MySitterTests;
				PRODUCT_NAME = "$(TARGET_NAME)";
				SWIFT_VERSION = 3.0;
				TEST_HOST = "$(BUILT_PRODUCTS_DIR)/MySitter.app/MySitter";
			};
			name = Debug;
		};
		D1D817E61E52341300B60F7E /* Release */ = {
			isa = XCBuildConfiguration;
			buildSettings = {
				ALWAYS_EMBED_SWIFT_STANDARD_LIBRARIES = YES;
				BUNDLE_LOADER = "$(TEST_HOST)";
				INFOPLIST_FILE = MySitterTests/Info.plist;
				LD_RUNPATH_SEARCH_PATHS = "$(inherited) @executable_path/Frameworks @loader_path/Frameworks";
				PRODUCT_BUNDLE_IDENTIFIER = test.MySitterTests;
				PRODUCT_NAME = "$(TARGET_NAME)";
				SWIFT_VERSION = 3.0;
				TEST_HOST = "$(BUILT_PRODUCTS_DIR)/MySitter.app/MySitter";
			};
			name = Release;
		};
		D1D817E81E52341300B60F7E /* Debug */ = {
			isa = XCBuildConfiguration;
			buildSettings = {
				ALWAYS_EMBED_SWIFT_STANDARD_LIBRARIES = YES;
				INFOPLIST_FILE = MySitterUITests/Info.plist;
				LD_RUNPATH_SEARCH_PATHS = "$(inherited) @executable_path/Frameworks @loader_path/Frameworks";
				PRODUCT_BUNDLE_IDENTIFIER = test.MySitterUITests;
				PRODUCT_NAME = "$(TARGET_NAME)";
				SWIFT_VERSION = 3.0;
				TEST_TARGET_NAME = MySitter;
			};
			name = Debug;
		};
		D1D817E91E52341300B60F7E /* Release */ = {
			isa = XCBuildConfiguration;
			buildSettings = {
				ALWAYS_EMBED_SWIFT_STANDARD_LIBRARIES = YES;
				INFOPLIST_FILE = MySitterUITests/Info.plist;
				LD_RUNPATH_SEARCH_PATHS = "$(inherited) @executable_path/Frameworks @loader_path/Frameworks";
				PRODUCT_BUNDLE_IDENTIFIER = test.MySitterUITests;
				PRODUCT_NAME = "$(TARGET_NAME)";
				SWIFT_VERSION = 3.0;
				TEST_TARGET_NAME = MySitter;
			};
			name = Release;
		};
/* End XCBuildConfiguration section */

/* Begin XCConfigurationList section */
		D1D817B41E52341300B60F7E /* Build configuration list for PBXProject "MySitter" */ = {
			isa = XCConfigurationList;
			buildConfigurations = (
				D1D817DF1E52341300B60F7E /* Debug */,
				D1D817E01E52341300B60F7E /* Release */,
			);
			defaultConfigurationIsVisible = 0;
			defaultConfigurationName = Release;
		};
		D1D817E11E52341300B60F7E /* Build configuration list for PBXNativeTarget "MySitter" */ = {
			isa = XCConfigurationList;
			buildConfigurations = (
				D1D817E21E52341300B60F7E /* Debug */,
				D1D817E31E52341300B60F7E /* Release */,
			);
			defaultConfigurationIsVisible = 0;
			defaultConfigurationName = Release;
		};
		D1D817E41E52341300B60F7E /* Build configuration list for PBXNativeTarget "MySitterTests" */ = {
			isa = XCConfigurationList;
			buildConfigurations = (
				D1D817E51E52341300B60F7E /* Debug */,
				D1D817E61E52341300B60F7E /* Release */,
			);
			defaultConfigurationIsVisible = 0;
			defaultConfigurationName = Release;
		};
		D1D817E71E52341300B60F7E /* Build configuration list for PBXNativeTarget "MySitterUITests" */ = {
			isa = XCConfigurationList;
			buildConfigurations = (
				D1D817E81E52341300B60F7E /* Debug */,
				D1D817E91E52341300B60F7E /* Release */,
			);
			defaultConfigurationIsVisible = 0;
			defaultConfigurationName = Release;
		};
/* End XCConfigurationList section */
	};
	rootObject = D1D817B11E52341300B60F7E /* Project object */;
}
